PODS:
  - Alamofire (4.8.2)
  - SwiftGifOrigin (1.7.0)

DEPENDENCIES:
  - Alamofire
  - SwiftGifOrigin (~> 1.7.0)

SPEC REPOS:
  https://github.com/cocoapods/specs.git:
    - Alamofire
    - SwiftGifOrigin

SPEC CHECKSUMS:
  Alamofire: ae5c501addb7afdbb13687d7f2f722c78734c2d3
  SwiftGifOrigin: fbd6cf37afcfcf97a5c3db996ddc0492e5c5c145

PODFILE CHECKSUM: 1821df0cf24d11a11b5cf893831863bb99699453

COCOAPODS: 1.5.3
